// !$*UTF8*$!
{
	archiveVersion = 1;
	classes = {
	};
	objectVersion = 46;
	objects = {

/* Begin PBXBuildFile section */
		561DD4421C4BADB800511F38 /* GroupManagerTableViewController.swift in Sources */ = {isa = PBXBuildFile; fileRef = 561DD4411C4BADB800511F38 /* GroupManagerTableViewController.swift */; };
		561DD4441C4BAE9400511F38 /* BarcodeEntity.swift in Sources */ = {isa = PBXBuildFile; fileRef = 561DD4431C4BAE9400511F38 /* BarcodeEntity.swift */; };
		561DD4461C4BAEF800511F38 /* GroupEntity.swift in Sources */ = {isa = PBXBuildFile; fileRef = 561DD4451C4BAEF800511F38 /* GroupEntity.swift */; };
		561DD4481C4BB2A100511F38 /* CoreDataStackManager.swift in Sources */ = {isa = PBXBuildFile; fileRef = 561DD4471C4BB2A100511F38 /* CoreDataStackManager.swift */; };
		561DD44A1C4BD31000511F38 /* GroupTabBarViewController.swift in Sources */ = {isa = PBXBuildFile; fileRef = 561DD4491C4BD31000511F38 /* GroupTabBarViewController.swift */; };
		561DD44C1C4BD60E00511F38 /* BarcodeListTableViewController.swift in Sources */ = {isa = PBXBuildFile; fileRef = 561DD44B1C4BD60E00511F38 /* BarcodeListTableViewController.swift */; };
		561DD44E1C4BDE9500511F38 /* Assets.xcassets in Resources */ = {isa = PBXBuildFile; fileRef = 561DD44D1C4BDE9500511F38 /* Assets.xcassets */; };
		561DD4501C4BE4C900511F38 /* BarcodeCarouselViewController.swift in Sources */ = {isa = PBXBuildFile; fileRef = 561DD44F1C4BE4C900511F38 /* BarcodeCarouselViewController.swift */; };
		561DD4571C4C370500511F38 /* QuartzCore.framework in Frameworks */ = {isa = PBXBuildFile; fileRef = 561DD4561C4C370500511F38 /* QuartzCore.framework */; };
		561DD45A1C4C3AFC00511F38 /* iCarousel.m in Sources */ = {isa = PBXBuildFile; fileRef = 561DD4591C4C3AFC00511F38 /* iCarousel.m */; };
		56412A411C5D0C8A009A8B5B /* UIBarcodeScannerView.xib in Resources */ = {isa = PBXBuildFile; fileRef = 56412A401C5D0C8A009A8B5B /* UIBarcodeScannerView.xib */; };
		56412A431C5D0CAE009A8B5B /* UIBarcodeScannerView.swift in Sources */ = {isa = PBXBuildFile; fileRef = 56412A421C5D0CAE009A8B5B /* UIBarcodeScannerView.swift */; };
		56412A461C5D0F17009A8B5B /* BarcodeScannerDelegate.swift in Sources */ = {isa = PBXBuildFile; fileRef = 56412A451C5D0F17009A8B5B /* BarcodeScannerDelegate.swift */; };
		56412A481C5D1384009A8B5B /* CheckListViewController.swift in Sources */ = {isa = PBXBuildFile; fileRef = 56412A471C5D1384009A8B5B /* CheckListViewController.swift */; };
		56BE0A2F1C42C017009E62C2 /* AppDelegate.swift in Sources */ = {isa = PBXBuildFile; fileRef = 56BE0A2E1C42C017009E62C2 /* AppDelegate.swift */; };
		56BE0A341C42C017009E62C2 /* Main.storyboard in Resources */ = {isa = PBXBuildFile; fileRef = 56BE0A321C42C017009E62C2 /* Main.storyboard */; };
		56BE0A371C42C017009E62C2 /* brcd.xcdatamodeld in Sources */ = {isa = PBXBuildFile; fileRef = 56BE0A351C42C017009E62C2 /* brcd.xcdatamodeld */; };
		56BE0A3C1C42C017009E62C2 /* LaunchScreen.storyboard in Resources */ = {isa = PBXBuildFile; fileRef = 56BE0A3A1C42C017009E62C2 /* LaunchScreen.storyboard */; };
		56BE0A471C42C093009E62C2 /* ScanBarcodeViewController.swift in Sources */ = {isa = PBXBuildFile; fileRef = 56BE0A461C42C093009E62C2 /* ScanBarcodeViewController.swift */; };
		56BE0A4A1C42CB83009E62C2 /* ExtensionUIViewController.swift in Sources */ = {isa = PBXBuildFile; fileRef = 56BE0A491C42CB83009E62C2 /* ExtensionUIViewController.swift */; };
		56BE0A4D1C42D1A4009E62C2 /* UILoader.xib in Resources */ = {isa = PBXBuildFile; fileRef = 56BE0A4C1C42D1A4009E62C2 /* UILoader.xib */; };
		56BE0A4F1C42D316009E62C2 /* UILoader.swift in Sources */ = {isa = PBXBuildFile; fileRef = 56BE0A4E1C42D316009E62C2 /* UILoader.swift */; };
		73534823313B5DB643AC4C03 /* Pods.framework in Frameworks */ = {isa = PBXBuildFile; fileRef = 65EF07129596556E173B6B0E /* Pods.framework */; };
/* End PBXBuildFile section */

/* Begin PBXFileReference section */
		0780FA3397A0F468C5344AC6 /* Pods.release.xcconfig */ = {isa = PBXFileReference; includeInIndex = 1; lastKnownFileType = text.xcconfig; name = Pods.release.xcconfig; path = "Pods/Target Support Files/Pods/Pods.release.xcconfig"; sourceTree = "<group>"; };
		561DD4411C4BADB800511F38 /* GroupManagerTableViewController.swift */ = {isa = PBXFileReference; fileEncoding = 4; lastKnownFileType = sourcecode.swift; name = GroupManagerTableViewController.swift; path = ViewController/GroupManagerTableViewController.swift; sourceTree = "<group>"; };
		561DD4431C4BAE9400511F38 /* BarcodeEntity.swift */ = {isa = PBXFileReference; fileEncoding = 4; lastKnownFileType = sourcecode.swift; name = BarcodeEntity.swift; path = Model/BarcodeEntity.swift; sourceTree = "<group>"; };
		561DD4451C4BAEF800511F38 /* GroupEntity.swift */ = {isa = PBXFileReference; fileEncoding = 4; lastKnownFileType = sourcecode.swift; name = GroupEntity.swift; path = Model/GroupEntity.swift; sourceTree = "<group>"; };
		561DD4471C4BB2A100511F38 /* CoreDataStackManager.swift */ = {isa = PBXFileReference; fileEncoding = 4; lastKnownFileType = sourcecode.swift; name = CoreDataStackManager.swift; path = Model/CoreDataStackManager.swift; sourceTree = "<group>"; };
		561DD4491C4BD31000511F38 /* GroupTabBarViewController.swift */ = {isa = PBXFileReference; fileEncoding = 4; lastKnownFileType = sourcecode.swift; name = GroupTabBarViewController.swift; path = ViewController/GroupTabBarViewController.swift; sourceTree = "<group>"; };
		561DD44B1C4BD60E00511F38 /* BarcodeListTableViewController.swift */ = {isa = PBXFileReference; fileEncoding = 4; lastKnownFileType = sourcecode.swift; name = BarcodeListTableViewController.swift; path = ViewController/BarcodeListTableViewController.swift; sourceTree = "<group>"; };
		561DD44D1C4BDE9500511F38 /* Assets.xcassets */ = {isa = PBXFileReference; lastKnownFileType = folder.assetcatalog; name = Assets.xcassets; path = brcd/Assets.xcassets; sourceTree = "<group>"; };
		561DD44F1C4BE4C900511F38 /* BarcodeCarouselViewController.swift */ = {isa = PBXFileReference; fileEncoding = 4; lastKnownFileType = sourcecode.swift; name = BarcodeCarouselViewController.swift; path = ViewController/BarcodeCarouselViewController.swift; sourceTree = "<group>"; };
		561DD4551C4C361A00511F38 /* brcd-Bridging-Header.h */ = {isa = PBXFileReference; lastKnownFileType = sourcecode.c.h; name = "brcd-Bridging-Header.h"; path = "brcd/brcd-Bridging-Header.h"; sourceTree = "<group>"; };
		561DD4561C4C370500511F38 /* QuartzCore.framework */ = {isa = PBXFileReference; lastKnownFileType = wrapper.framework; name = QuartzCore.framework; path = System/Library/Frameworks/QuartzCore.framework; sourceTree = SDKROOT; };
		561DD4581C4C3AFC00511F38 /* iCarousel.h */ = {isa = PBXFileReference; fileEncoding = 4; lastKnownFileType = sourcecode.c.h; name = iCarousel.h; path = brcd/Frameworks/iCarosel/iCarousel.h; sourceTree = "<group>"; };
		561DD4591C4C3AFC00511F38 /* iCarousel.m */ = {isa = PBXFileReference; fileEncoding = 4; lastKnownFileType = sourcecode.c.objc; name = iCarousel.m; path = brcd/Frameworks/iCarosel/iCarousel.m; sourceTree = "<group>"; };
		56412A401C5D0C8A009A8B5B /* UIBarcodeScannerView.xib */ = {isa = PBXFileReference; fileEncoding = 4; lastKnownFileType = file.xib; name = UIBarcodeScannerView.xib; path = ViewController/Controls/UIBarcodeScannerView.xib; sourceTree = "<group>"; };
		56412A421C5D0CAE009A8B5B /* UIBarcodeScannerView.swift */ = {isa = PBXFileReference; fileEncoding = 4; lastKnownFileType = sourcecode.swift; name = UIBarcodeScannerView.swift; path = ViewController/Controls/UIBarcodeScannerView.swift; sourceTree = "<group>"; };
		56412A451C5D0F17009A8B5B /* BarcodeScannerDelegate.swift */ = {isa = PBXFileReference; fileEncoding = 4; lastKnownFileType = sourcecode.swift; name = BarcodeScannerDelegate.swift; path = ViewController/Delegates/BarcodeScannerDelegate.swift; sourceTree = "<group>"; };
		56412A471C5D1384009A8B5B /* CheckListViewController.swift */ = {isa = PBXFileReference; fileEncoding = 4; lastKnownFileType = sourcecode.swift; name = CheckListViewController.swift; path = ViewController/CheckListViewController.swift; sourceTree = "<group>"; };
		56BE0A2B1C42C017009E62C2 /* brcd.app */ = {isa = PBXFileReference; explicitFileType = wrapper.application; includeInIndex = 0; path = brcd.app; sourceTree = BUILT_PRODUCTS_DIR; };
		56BE0A2E1C42C017009E62C2 /* AppDelegate.swift */ = {isa = PBXFileReference; lastKnownFileType = sourcecode.swift; path = AppDelegate.swift; sourceTree = "<group>"; };
		56BE0A331C42C017009E62C2 /* Base */ = {isa = PBXFileReference; lastKnownFileType = file.storyboard; name = Base; path = Base.lproj/Main.storyboard; sourceTree = "<group>"; };
		56BE0A361C42C017009E62C2 /* brcd.xcdatamodel */ = {isa = PBXFileReference; lastKnownFileType = wrapper.xcdatamodel; path = brcd.xcdatamodel; sourceTree = "<group>"; };
		56BE0A3B1C42C017009E62C2 /* Base */ = {isa = PBXFileReference; lastKnownFileType = file.storyboard; name = Base; path = Base.lproj/LaunchScreen.storyboard; sourceTree = "<group>"; };
		56BE0A3D1C42C017009E62C2 /* Info.plist */ = {isa = PBXFileReference; lastKnownFileType = text.plist.xml; path = Info.plist; sourceTree = "<group>"; };
		56BE0A461C42C093009E62C2 /* ScanBarcodeViewController.swift */ = {isa = PBXFileReference; fileEncoding = 4; lastKnownFileType = sourcecode.swift; name = ScanBarcodeViewController.swift; path = ViewController/ScanBarcodeViewController.swift; sourceTree = "<group>"; };
		56BE0A491C42CB83009E62C2 /* ExtensionUIViewController.swift */ = {isa = PBXFileReference; fileEncoding = 4; lastKnownFileType = sourcecode.swift; path = ExtensionUIViewController.swift; sourceTree = "<group>"; };
		56BE0A4C1C42D1A4009E62C2 /* UILoader.xib */ = {isa = PBXFileReference; fileEncoding = 4; lastKnownFileType = file.xib; name = UILoader.xib; path = ViewController/Controls/UILoader.xib; sourceTree = "<group>"; };
		56BE0A4E1C42D316009E62C2 /* UILoader.swift */ = {isa = PBXFileReference; fileEncoding = 4; lastKnownFileType = sourcecode.swift; name = UILoader.swift; path = ViewController/Controls/UILoader.swift; sourceTree = "<group>"; };
		65EF07129596556E173B6B0E /* Pods.framework */ = {isa = PBXFileReference; explicitFileType = wrapper.framework; includeInIndex = 0; path = Pods.framework; sourceTree = BUILT_PRODUCTS_DIR; };
		AA6177CF1FC7BC5904C98F30 /* Pods.debug.xcconfig */ = {isa = PBXFileReference; includeInIndex = 1; lastKnownFileType = text.xcconfig; name = Pods.debug.xcconfig; path = "Pods/Target Support Files/Pods/Pods.debug.xcconfig"; sourceTree = "<group>"; };
/* End PBXFileReference section */

/* Begin PBXFrameworksBuildPhase section */
		56BE0A281C42C017009E62C2 /* Frameworks */ = {
			isa = PBXFrameworksBuildPhase;
			buildActionMask = 2147483647;
			files = (
				561DD4571C4C370500511F38 /* QuartzCore.framework in Frameworks */,
				73534823313B5DB643AC4C03 /* Pods.framework in Frameworks */,
			);
			runOnlyForDeploymentPostprocessing = 0;
		};
/* End PBXFrameworksBuildPhase section */

/* Begin PBXGroup section */
		41B6DABF18CAACE833CB39BA /* Pods */ = {
			isa = PBXGroup;
			children = (
				AA6177CF1FC7BC5904C98F30 /* Pods.debug.xcconfig */,
				0780FA3397A0F468C5344AC6 /* Pods.release.xcconfig */,
			);
			name = Pods;
			sourceTree = "<group>";
		};
		561DD4531C4C352600511F38 /* Frameworks */ = {
			isa = PBXGroup;
			children = (
				561DD4561C4C370500511F38 /* QuartzCore.framework */,
				561DD4551C4C361A00511F38 /* brcd-Bridging-Header.h */,
				561DD4541C4C352F00511F38 /* iCarosel */,
				65EF07129596556E173B6B0E /* Pods.framework */,
			);
			name = Frameworks;
			sourceTree = "<group>";
		};
		561DD4541C4C352F00511F38 /* iCarosel */ = {
			isa = PBXGroup;
			children = (
				561DD4581C4C3AFC00511F38 /* iCarousel.h */,
				561DD4591C4C3AFC00511F38 /* iCarousel.m */,
			);
			name = iCarosel;
			sourceTree = "<group>";
		};
		56412A441C5D0EF7009A8B5B /* Delegates */ = {
			isa = PBXGroup;
			children = (
				56412A451C5D0F17009A8B5B /* BarcodeScannerDelegate.swift */,
			);
			name = Delegates;
			sourceTree = "<group>";
		};
		56BE0A221C42C017009E62C2 = {
			isa = PBXGroup;
			children = (
				561DD4531C4C352600511F38 /* Frameworks */,
				561DD44D1C4BDE9500511F38 /* Assets.xcassets */,
				56BE0A2D1C42C017009E62C2 /* brcd */,
				56BE0A2C1C42C017009E62C2 /* Products */,
				41B6DABF18CAACE833CB39BA /* Pods */,
			);
			sourceTree = "<group>";
		};
		56BE0A2C1C42C017009E62C2 /* Products */ = {
			isa = PBXGroup;
			children = (
				56BE0A2B1C42C017009E62C2 /* brcd.app */,
			);
			name = Products;
			sourceTree = "<group>";
		};
		56BE0A2D1C42C017009E62C2 /* brcd */ = {
			isa = PBXGroup;
			children = (
				56BE0A451C42C03C009E62C2 /* API */,
				56BE0A441C42C037009E62C2 /* Model */,
				56BE0A431C42C028009E62C2 /* ViewController */,
				56BE0A2E1C42C017009E62C2 /* AppDelegate.swift */,
				56BE0A321C42C017009E62C2 /* Main.storyboard */,
				56BE0A3A1C42C017009E62C2 /* LaunchScreen.storyboard */,
				56BE0A3D1C42C017009E62C2 /* Info.plist */,
				56BE0A351C42C017009E62C2 /* brcd.xcdatamodeld */,
			);
			path = brcd;
			sourceTree = "<group>";
		};
		56BE0A431C42C028009E62C2 /* ViewController */ = {
			isa = PBXGroup;
			children = (
				56412A441C5D0EF7009A8B5B /* Delegates */,
				56BE0A4B1C42D162009E62C2 /* Controls */,
				56BE0A481C42C173009E62C2 /* Extensions */,
				56BE0A461C42C093009E62C2 /* ScanBarcodeViewController.swift */,
				561DD4411C4BADB800511F38 /* GroupManagerTableViewController.swift */,
				561DD4491C4BD31000511F38 /* GroupTabBarViewController.swift */,
				561DD44B1C4BD60E00511F38 /* BarcodeListTableViewController.swift */,
				561DD44F1C4BE4C900511F38 /* BarcodeCarouselViewController.swift */,
				56412A471C5D1384009A8B5B /* CheckListViewController.swift */,
			);
			name = ViewController;
			sourceTree = "<group>";
		};
		56BE0A441C42C037009E62C2 /* Model */ = {
			isa = PBXGroup;
			children = (
				561DD4431C4BAE9400511F38 /* BarcodeEntity.swift */,
				561DD4451C4BAEF800511F38 /* GroupEntity.swift */,
				561DD4471C4BB2A100511F38 /* CoreDataStackManager.swift */,
			);
			name = Model;
			sourceTree = "<group>";
		};
		56BE0A451C42C03C009E62C2 /* API */ = {
			isa = PBXGroup;
			children = (
			);
			name = API;
			sourceTree = "<group>";
		};
		56BE0A481C42C173009E62C2 /* Extensions */ = {
			isa = PBXGroup;
			children = (
				56BE0A491C42CB83009E62C2 /* ExtensionUIViewController.swift */,
			);
			name = Extensions;
			sourceTree = "<group>";
		};
		56BE0A4B1C42D162009E62C2 /* Controls */ = {
			isa = PBXGroup;
			children = (
				56BE0A4C1C42D1A4009E62C2 /* UILoader.xib */,
				56BE0A4E1C42D316009E62C2 /* UILoader.swift */,
				56412A401C5D0C8A009A8B5B /* UIBarcodeScannerView.xib */,
				56412A421C5D0CAE009A8B5B /* UIBarcodeScannerView.swift */,
			);
			name = Controls;
			sourceTree = "<group>";
		};
/* End PBXGroup section */

/* Begin PBXNativeTarget section */
		56BE0A2A1C42C017009E62C2 /* brcd */ = {
			isa = PBXNativeTarget;
			buildConfigurationList = 56BE0A401C42C017009E62C2 /* Build configuration list for PBXNativeTarget "brcd" */;
			buildPhases = (
				897A2F7B3C9B7FC8464C93BD /* Check Pods Manifest.lock */,
				56BE0A271C42C017009E62C2 /* Sources */,
				56BE0A281C42C017009E62C2 /* Frameworks */,
				56BE0A291C42C017009E62C2 /* Resources */,
				EFF0DF6566EDED6B83235B37 /* Embed Pods Frameworks */,
				80CF9CD17AA3B18EFD81C4AC /* Copy Pods Resources */,
			);
			buildRules = (
			);
			dependencies = (
			);
			name = brcd;
			productName = brcd;
			productReference = 56BE0A2B1C42C017009E62C2 /* brcd.app */;
			productType = "com.apple.product-type.application";
		};
/* End PBXNativeTarget section */

/* Begin PBXProject section */
		56BE0A231C42C017009E62C2 /* Project object */ = {
			isa = PBXProject;
			attributes = {
				LastSwiftUpdateCheck = 0720;
				LastUpgradeCheck = 0720;
				ORGANIZATIONNAME = Balsdon;
				TargetAttributes = {
					56BE0A2A1C42C017009E62C2 = {
						CreatedOnToolsVersion = 7.2;
						DevelopmentTeam = GTMDCB3F3C;
					};
				};
			};
			buildConfigurationList = 56BE0A261C42C017009E62C2 /* Build configuration list for PBXProject "brcd" */;
			compatibilityVersion = "Xcode 3.2";
			developmentRegion = English;
			hasScannedForEncodings = 0;
			knownRegions = (
				en,
				Base,
			);
			mainGroup = 56BE0A221C42C017009E62C2;
			productRefGroup = 56BE0A2C1C42C017009E62C2 /* Products */;
			projectDirPath = "";
			projectRoot = "";
			targets = (
				56BE0A2A1C42C017009E62C2 /* brcd */,
			);
		};
/* End PBXProject section */

/* Begin PBXResourcesBuildPhase section */
		56BE0A291C42C017009E62C2 /* Resources */ = {
			isa = PBXResourcesBuildPhase;
			buildActionMask = 2147483647;
			files = (
				56BE0A3C1C42C017009E62C2 /* LaunchScreen.storyboard in Resources */,
				56BE0A4D1C42D1A4009E62C2 /* UILoader.xib in Resources */,
				561DD44E1C4BDE9500511F38 /* Assets.xcassets in Resources */,
				56412A411C5D0C8A009A8B5B /* UIBarcodeScannerView.xib in Resources */,
				56BE0A341C42C017009E62C2 /* Main.storyboard in Resources */,
			);
			runOnlyForDeploymentPostprocessing = 0;
		};
/* End PBXResourcesBuildPhase section */

/* Begin PBXShellScriptBuildPhase section */
		80CF9CD17AA3B18EFD81C4AC /* Copy Pods Resources */ = {
			isa = PBXShellScriptBuildPhase;
			buildActionMask = 2147483647;
			files = (
			);
			inputPaths = (
			);
			name = "Copy Pods Resources";
			outputPaths = (
			);
			runOnlyForDeploymentPostprocessing = 0;
			shellPath = /bin/sh;
			shellScript = "\"${SRCROOT}/Pods/Target Support Files/Pods/Pods-resources.sh\"\n";
			showEnvVarsInLog = 0;
		};
		897A2F7B3C9B7FC8464C93BD /* Check Pods Manifest.lock */ = {
			isa = PBXShellScriptBuildPhase;
			buildActionMask = 2147483647;
			files = (
			);
			inputPaths = (
			);
			name = "Check Pods Manifest.lock";
			outputPaths = (
			);
			runOnlyForDeploymentPostprocessing = 0;
			shellPath = /bin/sh;
			shellScript = "diff \"${PODS_ROOT}/../Podfile.lock\" \"${PODS_ROOT}/Manifest.lock\" > /dev/null\nif [[ $? != 0 ]] ; then\n    cat << EOM\nerror: The sandbox is not in sync with the Podfile.lock. Run 'pod install' or update your CocoaPods installation.\nEOM\n    exit 1\nfi\n";
			showEnvVarsInLog = 0;
		};
		EFF0DF6566EDED6B83235B37 /* Embed Pods Frameworks */ = {
			isa = PBXShellScriptBuildPhase;
			buildActionMask = 2147483647;
			files = (
			);
			inputPaths = (
			);
			name = "Embed Pods Frameworks";
			outputPaths = (
			);
			runOnlyForDeploymentPostprocessing = 0;
			shellPath = /bin/sh;
			shellScript = "\"${SRCROOT}/Pods/Target Support Files/Pods/Pods-frameworks.sh\"\n";
			showEnvVarsInLog = 0;
		};
/* End PBXShellScriptBuildPhase section */

/* Begin PBXSourcesBuildPhase section */
		56BE0A271C42C017009E62C2 /* Sources */ = {
			isa = PBXSourcesBuildPhase;
			buildActionMask = 2147483647;
			files = (
				561DD4441C4BAE9400511F38 /* BarcodeEntity.swift in Sources */,
				56412A481C5D1384009A8B5B /* CheckListViewController.swift in Sources */,
				56BE0A4A1C42CB83009E62C2 /* ExtensionUIViewController.swift in Sources */,
				561DD44A1C4BD31000511F38 /* GroupTabBarViewController.swift in Sources */,
				561DD4481C4BB2A100511F38 /* CoreDataStackManager.swift in Sources */,
				56412A461C5D0F17009A8B5B /* BarcodeScannerDelegate.swift in Sources */,
				56BE0A4F1C42D316009E62C2 /* UILoader.swift in Sources */,
				561DD45A1C4C3AFC00511F38 /* iCarousel.m in Sources */,
				56BE0A471C42C093009E62C2 /* ScanBarcodeViewController.swift in Sources */,
				56BE0A371C42C017009E62C2 /* brcd.xcdatamodeld in Sources */,
				56412A431C5D0CAE009A8B5B /* UIBarcodeScannerView.swift in Sources */,
				56BE0A2F1C42C017009E62C2 /* AppDelegate.swift in Sources */,
				561DD44C1C4BD60E00511F38 /* BarcodeListTableViewController.swift in Sources */,
				561DD4501C4BE4C900511F38 /* BarcodeCarouselViewController.swift in Sources */,
				561DD4461C4BAEF800511F38 /* GroupEntity.swift in Sources */,
				561DD4421C4BADB800511F38 /* GroupManagerTableViewController.swift in Sources */,
			);
			runOnlyForDeploymentPostprocessing = 0;
		};
/* End PBXSourcesBuildPhase section */

/* Begin PBXVariantGroup section */
		56BE0A321C42C017009E62C2 /* Main.storyboard */ = {
			isa = PBXVariantGroup;
			children = (
				56BE0A331C42C017009E62C2 /* Base */,
			);
			name = Main.storyboard;
			sourceTree = "<group>";
		};
		56BE0A3A1C42C017009E62C2 /* LaunchScreen.storyboard */ = {
			isa = PBXVariantGroup;
			children = (
				56BE0A3B1C42C017009E62C2 /* Base */,
			);
			name = LaunchScreen.storyboard;
			sourceTree = "<group>";
		};
/* End PBXVariantGroup section */

/* Begin XCBuildConfiguration section */
		56BE0A3E1C42C017009E62C2 /* Debug */ = {
			isa = XCBuildConfiguration;
			buildSettings = {
				ALWAYS_SEARCH_USER_PATHS = NO;
				CLANG_CXX_LANGUAGE_STANDARD = "gnu++0x";
				CLANG_CXX_LIBRARY = "libc++";
				CLANG_ENABLE_MODULES = YES;
				CLANG_ENABLE_OBJC_ARC = YES;
				CLANG_WARN_BOOL_CONVERSION = YES;
				CLANG_WARN_CONSTANT_CONVERSION = YES;
				CLANG_WARN_DIRECT_OBJC_ISA_USAGE = YES_ERROR;
				CLANG_WARN_EMPTY_BODY = YES;
				CLANG_WARN_ENUM_CONVERSION = YES;
				CLANG_WARN_INT_CONVERSION = YES;
				CLANG_WARN_OBJC_ROOT_CLASS = YES_ERROR;
				CLANG_WARN_UNREACHABLE_CODE = YES;
				CLANG_WARN__DUPLICATE_METHOD_MATCH = YES;
				"CODE_SIGN_IDENTITY[sdk=iphoneos*]" = "iPhone Developer";
				COPY_PHASE_STRIP = NO;
				DEBUG_INFORMATION_FORMAT = dwarf;
				ENABLE_STRICT_OBJC_MSGSEND = YES;
				ENABLE_TESTABILITY = YES;
				GCC_C_LANGUAGE_STANDARD = gnu99;
				GCC_DYNAMIC_NO_PIC = NO;
				GCC_NO_COMMON_BLOCKS = YES;
				GCC_OPTIMIZATION_LEVEL = 0;
				GCC_PREPROCESSOR_DEFINITIONS = (
					"DEBUG=1",
					"$(inherited)",
				);
				GCC_WARN_64_TO_32_BIT_CONVERSION = YES;
				GCC_WARN_ABOUT_RETURN_TYPE = YES_ERROR;
				GCC_WARN_UNDECLARED_SELECTOR = YES;
				GCC_WARN_UNINITIALIZED_AUTOS = YES_AGGRESSIVE;
				GCC_WARN_UNUSED_FUNCTION = YES;
				GCC_WARN_UNUSED_VARIABLE = YES;
				IPHONEOS_DEPLOYMENT_TARGET = 9.2;
				MTL_ENABLE_DEBUG_INFO = YES;
				ONLY_ACTIVE_ARCH = YES;
				SDKROOT = iphoneos;
				SWIFT_OPTIMIZATION_LEVEL = "-Onone";
			};
			name = Debug;
		};
		56BE0A3F1C42C017009E62C2 /* Release */ = {
			isa = XCBuildConfiguration;
			buildSettings = {
				ALWAYS_SEARCH_USER_PATHS = NO;
				CLANG_CXX_LANGUAGE_STANDARD = "gnu++0x";
				CLANG_CXX_LIBRARY = "libc++";
				CLANG_ENABLE_MODULES = YES;
				CLANG_ENABLE_OBJC_ARC = YES;
				CLANG_WARN_BOOL_CONVERSION = YES;
				CLANG_WARN_CONSTANT_CONVERSION = YES;
				CLANG_WARN_DIRECT_OBJC_ISA_USAGE = YES_ERROR;
				CLANG_WARN_EMPTY_BODY = YES;
				CLANG_WARN_ENUM_CONVERSION = YES;
				CLANG_WARN_INT_CONVERSION = YES;
				CLANG_WARN_OBJC_ROOT_CLASS = YES_ERROR;
				CLANG_WARN_UNREACHABLE_CODE = YES;
				CLANG_WARN__DUPLICATE_METHOD_MATCH = YES;
				"CODE_SIGN_IDENTITY[sdk=iphoneos*]" = "iPhone Developer";
				COPY_PHASE_STRIP = NO;
				DEBUG_INFORMATION_FORMAT = "dwarf-with-dsym";
				ENABLE_NS_ASSERTIONS = NO;
				ENABLE_STRICT_OBJC_MSGSEND = YES;
				GCC_C_LANGUAGE_STANDARD = gnu99;
				GCC_NO_COMMON_BLOCKS = YES;
				GCC_WARN_64_TO_32_BIT_CONVERSION = YES;
				GCC_WARN_ABOUT_RETURN_TYPE = YES_ERROR;
				GCC_WARN_UNDECLARED_SELECTOR = YES;
				GCC_WARN_UNINITIALIZED_AUTOS = YES_AGGRESSIVE;
				GCC_WARN_UNUSED_FUNCTION = YES;
				GCC_WARN_UNUSED_VARIABLE = YES;
				IPHONEOS_DEPLOYMENT_TARGET = 9.2;
				MTL_ENABLE_DEBUG_INFO = NO;
				SDKROOT = iphoneos;
				VALIDATE_PRODUCT = YES;
			};
			name = Release;
		};
		56BE0A411C42C017009E62C2 /* Debug */ = {
			isa = XCBuildConfiguration;
			baseConfigurationReference = AA6177CF1FC7BC5904C98F30 /* Pods.debug.xcconfig */;
			buildSettings = {
				ASSETCATALOG_COMPILER_APPICON_NAME = AppIcon;
				CODE_SIGN_IDENTITY = "iPhone Developer";
				INFOPLIST_FILE = brcd/Info.plist;
				LD_RUNPATH_SEARCH_PATHS = "$(inherited) @executable_path/Frameworks";
				PRODUCT_BUNDLE_IDENTIFIER = com.brcd;
				PRODUCT_NAME = "$(TARGET_NAME)";
				SWIFT_OBJC_BRIDGING_HEADER = "brcd/brcd-Bridging-Header.h";
			};
			name = Debug;
		};
		56BE0A421C42C017009E62C2 /* Release */ = {
			isa = XCBuildConfiguration;
			baseConfigurationReference = 0780FA3397A0F468C5344AC6 /* Pods.release.xcconfig */;
			buildSettings = {
				ASSETCATALOG_COMPILER_APPICON_NAME = AppIcon;
				CODE_SIGN_IDENTITY = "iPhone Developer";
				INFOPLIST_FILE = brcd/Info.plist;
				LD_RUNPATH_SEARCH_PATHS = "$(inherited) @executable_path/Frameworks";
				PRODUCT_BUNDLE_IDENTIFIER = com.brcd;
				PRODUCT_NAME = "$(TARGET_NAME)";
				SWIFT_OBJC_BRIDGING_HEADER = "brcd/brcd-Bridging-Header.h";
			};
			name = Release;
		};
/* End XCBuildConfiguration section */

/* Begin XCConfigurationList section */
		56BE0A261C42C017009E62C2 /* Build configuration list for PBXProject "brcd" */ = {
			isa = XCConfigurationList;
			buildConfigurations = (
				56BE0A3E1C42C017009E62C2 /* Debug */,
				56BE0A3F1C42C017009E62C2 /* Release */,
			);
			defaultConfigurationIsVisible = 0;
			defaultConfigurationName = Release;
		};
		56BE0A401C42C017009E62C2 /* Build configuration list for PBXNativeTarget "brcd" */ = {
			isa = XCConfigurationList;
			buildConfigurations = (
				56BE0A411C42C017009E62C2 /* Debug */,
				56BE0A421C42C017009E62C2 /* Release */,
			);
			defaultConfigurationIsVisible = 0;
			defaultConfigurationName = Release;
		};
/* End XCConfigurationList section */

/* Begin XCVersionGroup section */
		56BE0A351C42C017009E62C2 /* brcd.xcdatamodeld */ = {
			isa = XCVersionGroup;
			children = (
				56BE0A361C42C017009E62C2 /* brcd.xcdatamodel */,
			);
			currentVersion = 56BE0A361C42C017009E62C2 /* brcd.xcdatamodel */;
			path = brcd.xcdatamodeld;
			sourceTree = "<group>";
			versionGroupType = wrapper.xcdatamodel;
		};
/* End XCVersionGroup section */
	};
	rootObject = 56BE0A231C42C017009E62C2 /* Project object */;
}
